
Microsoft Visual Studio Solution File, Format Version 12.00
# Visual Studio Version 18
VisualStudioVersion = 18.9.12105.275
MinimumVisualStudioVersion = 10.0.40219.1
Project("{9A19103F-16F7-4668-BE54-9A1E7A4F7556}") = "Claims", "Claims\Claims.csproj", "{268F67FB-056D-4843-8823-19A5F7848271}"
EndProject
Project("{2150E333-8FDC-42A3-9474-1A3956D46DE8}") = "Tests", "Tests", "{003F7774-8202-4837-8C40-72297F3876C1}"
EndProject
Project("{FAE04EC0-301F-11D3-BF4B-00C04F79EFBC}") = "Claims.Tests", "Claims.Tests\Claims.Tests.csproj", "{EC846D1B-22B5-4CED-B0CB-778EBFEE1C33}"
EndProject
Project("{2150E333-8FDC-42A3-9474-1A3956D46DE8}") = "Solution Items", "Solution Items", "{8CFB0A29-7BAB-4D83-8A3E-7E5ECFC5A8BB}"
	ProjectSection(SolutionItems) = preProject
		.gitignore = .gitignore
		README.md = README.md
	EndProjectSection
EndProject
Project("{FAE04EC0-301F-11D3-BF4B-00C04F79EFBC}") = "Claims.Domain", "Claims.Domain\Claims.Domain.csproj", "{4C911D4E-0798-A4C2-4128-30BBAE4A59EC}"
EndProject
Project("{FAE04EC0-301F-11D3-BF4B-00C04F79EFBC}") = "Claims.Auditing", "Claims.Auditing\Claims.Auditing.csproj", "{0303491E-EAB0-02AE-7642-330FA07DDD1C}"
EndProject
Project("{FAE04EC0-301F-11D3-BF4B-00C04F79EFBC}") = "Claims.Data", "Claims.Data\Claims.Data.csproj", "{A391A7C5-1D5A-87D9-E049-564C81A1B322}"
EndProject
Project("{FAE04EC0-301F-11D3-BF4B-00C04F79EFBC}") = "Claims.Services", "Claims.Services\Claims.Services.csproj", "{329982CB-501D-3C12-35C8-3EF24F77B03A}"
EndProject
Project("{FAE04EC0-301F-11D3-BF4B-00C04F79EFBC}") = "Claims.Data.Abstractions", "Claims.Data.Abstractions\Claims.Data.Abstractions.csproj", "{409EBCC2-7605-4860-B74F-7BEE37ED7640}"
EndProject
Project("{FAE04EC0-301F-11D3-BF4B-00C04F79EFBC}") = "Claims.Services.Abstractions", "Claims.Services.Abstractions\Claims.Services.Abstractions.csproj", "{5D318C95-2265-47BB-9B19-D8B9A2F3817A}"
EndProject
Project("{FAE04EC0-301F-11D3-BF4B-00C04F79EFBC}") = "Claims.Auditing.Abstractions", "Claims.Auditing.Abstractions\Claims.Auditing.Abstractions.csproj", "{5EFE629D-3741-48D9-99D4-D5CF5C449633}"
EndProject
Project("{FAE04EC0-301F-11D3-BF4B-00C04F79EFBC}") = "Claims.Services.Tests", "Claims.Services.Tests\Claims.Services.Tests.csproj", "{E627E8DB-BE99-4017-904D-F63435CB9A53}"
EndProject
Project("{FAE04EC0-301F-11D3-BF4B-00C04F79EFBC}") = "Claims.Data.Tests", "Claims.Data.Tests\Claims.Data.Tests.csproj", "{239B727D-8CB9-4FA8-8165-8DB43BD96DC5}"
EndProject
Project("{FAE04EC0-301F-11D3-BF4B-00C04F79EFBC}") = "Claims.Auditing.Tests", "Claims.Auditing.Tests\Claims.Auditing.Tests.csproj", "{D707D293-5462-4CD1-9BA8-02498E25BBFE}"
EndProject
Global
	GlobalSection(SolutionConfigurationPlatforms) = preSolution
		Debug|Any CPU = Debug|Any CPU
		Debug|x64 = Debug|x64
		Debug|x86 = Debug|x86
		Release|Any CPU = Release|Any CPU
		Release|x64 = Release|x64
		Release|x86 = Release|x86
	EndGlobalSection
	GlobalSection(ProjectConfigurationPlatforms) = postSolution
		{268F67FB-056D-4843-8823-19A5F7848271}.Debug|Any CPU.ActiveCfg = Debug|Any CPU
		{268F67FB-056D-4843-8823-19A5F7848271}.Debug|Any CPU.Build.0 = Debug|Any CPU
		{268F67FB-056D-4843-8823-19A5F7848271}.Debug|x64.ActiveCfg = Debug|Any CPU
		{268F67FB-056D-4843-8823-19A5F7848271}.Debug|x64.Build.0 = Debug|Any CPU
		{268F67FB-056D-4843-8823-19A5F7848271}.Debug|x86.ActiveCfg = Debug|Any CPU
		{268F67FB-056D-4843-8823-19A5F7848271}.Debug|x86.Build.0 = Debug|Any CPU
		{268F67FB-056D-4843-8823-19A5F7848271}.Release|Any CPU.ActiveCfg = Release|Any CPU
		{268F67FB-056D-4843-8823-19A5F7848271}.Release|Any CPU.Build.0 = Release|Any CPU
		{268F67FB-056D-4843-8823-19A5F7848271}.Release|x64.ActiveCfg = Release|Any CPU
		{268F67FB-056D-4843-8823-19A5F7848271}.Release|x64.Build.0 = Release|Any CPU
		{268F67FB-056D-4843-8823-19A5F7848271}.Release|x86.ActiveCfg = Release|Any CPU
		{268F67FB-056D-4843-8823-19A5F7848271}.Release|x86.Build.0 = Release|Any CPU
		{EC846D1B-22B5-4CED-B0CB-778EBFEE1C33}.Debug|Any CPU.ActiveCfg = Debug|Any CPU
		{EC846D1B-22B5-4CED-B0CB-778EBFEE1C33}.Debug|Any CPU.Build.0 = Debug|Any CPU
		{EC846D1B-22B5-4CED-B0CB-778EBFEE1C33}.Debug|x64.ActiveCfg = Debug|Any CPU
		{EC846D1B-22B5-4CED-B0CB-778EBFEE1C33}.Debug|x64.Build.0 = Debug|Any CPU
		{EC846D1B-22B5-4CED-B0CB-778EBFEE1C33}.Debug|x86.ActiveCfg = Debug|Any CPU
		{EC846D1B-22B5-4CED-B0CB-778EBFEE1C33}.Debug|x86.Build.0 = Debug|Any CPU
		{EC846D1B-22B5-4CED-B0CB-778EBFEE1C33}.Release|Any CPU.ActiveCfg = Release|Any CPU
		{EC846D1B-22B5-4CED-B0CB-778EBFEE1C33}.Release|Any CPU.Build.0 = Release|Any CPU
		{EC846D1B-22B5-4CED-B0CB-778EBFEE1C33}.Release|x64.ActiveCfg = Release|Any CPU
		{EC846D1B-22B5-4CED-B0CB-778EBFEE1C33}.Release|x64.Build.0 = Release|Any CPU
		{EC846D1B-22B5-4CED-B0CB-778EBFEE1C33}.Release|x86.ActiveCfg = Release|Any CPU
		{EC846D1B-22B5-4CED-B0CB-778EBFEE1C33}.Release|x86.Build.0 = Release|Any CPU
		{4C911D4E-0798-A4C2-4128-30BBAE4A59EC}.Debug|Any CPU.ActiveCfg = Debug|Any CPU
		{4C911D4E-0798-A4C2-4128-30BBAE4A59EC}.Debug|Any CPU.Build.0 = Debug|Any CPU
		{4C911D4E-0798-A4C2-4128-30BBAE4A59EC}.Debug|x64.ActiveCfg = Debug|Any CPU
		{4C911D4E-0798-A4C2-4128-30BBAE4A59EC}.Debug|x64.Build.0 = Debug|Any CPU
		{4C911D4E-0798-A4C2-4128-30BBAE4A59EC}.Debug|x86.ActiveCfg = Debug|Any CPU
		{4C911D4E-0798-A4C2-4128-30BBAE4A59EC}.Debug|x86.Build.0 = Debug|Any CPU
		{4C911D4E-0798-A4C2-4128-30BBAE4A59EC}.Release|Any CPU.ActiveCfg = Release|Any CPU
		{4C911D4E-0798-A4C2-4128-30BBAE4A59EC}.Release|Any CPU.Build.0 = Release|Any CPU
		{4C911D4E-0798-A4C2-4128-30BBAE4A59EC}.Release|x64.ActiveCfg = Release|Any CPU
		{4C911D4E-0798-A4C2-4128-30BBAE4A59EC}.Release|x64.Build.0 = Release|Any CPU
		{4C911D4E-0798-A4C2-4128-30BBAE4A59EC}.Release|x86.ActiveCfg = Release|Any CPU
		{4C911D4E-0798-A4C2-4128-30BBAE4A59EC}.Release|x86.Build.0 = Release|Any CPU
		{0303491E-EAB0-02AE-7642-330FA07DDD1C}.Debug|Any CPU.ActiveCfg = Debug|Any CPU
		{0303491E-EAB0-02AE-7642-330FA07DDD1C}.Debug|Any CPU.Build.0 = Debug|Any CPU
		{0303491E-EAB0-02AE-7642-330FA07DDD1C}.Debug|x64.ActiveCfg = Debug|Any CPU
		{0303491E-EAB0-02AE-7642-330FA07DDD1C}.Debug|x64.Build.0 = Debug|Any CPU
		{0303491E-EAB0-02AE-7642-330FA07DDD1C}.Debug|x86.ActiveCfg = Debug|Any CPU
		{0303491E-EAB0-02AE-7642-330FA07DDD1C}.Debug|x86.Build.0 = Debug|Any CPU
		{0303491E-EAB0-02AE-7642-330FA07DDD1C}.Release|Any CPU.ActiveCfg = Release|Any CPU
		{0303491E-EAB0-02AE-7642-330FA07DDD1C}.Release|Any CPU.Build.0 = Release|Any CPU
		{0303491E-EAB0-02AE-7642-330FA07DDD1C}.Release|x64.ActiveCfg = Release|Any CPU
		{0303491E-EAB0-02AE-7642-330FA07DDD1C}.Release|x64.Build.0 = Release|Any CPU
		{0303491E-EAB0-02AE-7642-330FA07DDD1C}.Release|x86.ActiveCfg = Release|Any CPU
		{0303491E-EAB0-02AE-7642-330FA07DDD1C}.Release|x86.Build.0 = Release|Any CPU
		{A391A7C5-1D5A-87D9-E049-564C81A1B322}.Debug|Any CPU.ActiveCfg = Debug|Any CPU
		{A391A7C5-1D5A-87D9-E049-564C81A1B322}.Debug|Any CPU.Build.0 = Debug|Any CPU
		{A391A7C5-1D5A-87D9-E049-564C81A1B322}.Debug|x64.ActiveCfg = Debug|Any CPU
		{A391A7C5-1D5A-87D9-E049-564C81A1B322}.Debug|x64.Build.0 = Debug|Any CPU
		{A391A7C5-1D5A-87D9-E049-564C81A1B322}.Debug|x86.ActiveCfg = Debug|Any CPU
		{A391A7C5-1D5A-87D9-E049-564C81A1B322}.Debug|x86.Build.0 = Debug|Any CPU
		{A391A7C5-1D5A-87D9-E049-564C81A1B322}.Release|Any CPU.ActiveCfg = Release|Any CPU
		{A391A7C5-1D5A-87D9-E049-564C81A1B322}.Release|Any CPU.Build.0 = Release|Any CPU
		{A391A7C5-1D5A-87D9-E049-564C81A1B322}.Release|x64.ActiveCfg = Release|Any CPU
		{A391A7C5-1D5A-87D9-E049-564C81A1B322}.Release|x64.Build.0 = Release|Any CPU
		{A391A7C5-1D5A-87D9-E049-564C81A1B322}.Release|x86.ActiveCfg = Release|Any CPU
		{A391A7C5-1D5A-87D9-E049-564C81A1B322}.Release|x86.Build.0 = Release|Any CPU
		{329982CB-501D-3C12-35C8-3EF24F77B03A}.Debug|Any CPU.ActiveCfg = Debug|Any CPU
		{329982CB-501D-3C12-35C8-3EF24F77B03A}.Debug|Any CPU.Build.0 = Debug|Any CPU
		{329982CB-501D-3C12-35C8-3EF24F77B03A}.Debug|x64.ActiveCfg = Debug|Any CPU
		{329982CB-501D-3C12-35C8-3EF24F77B03A}.Debug|x64.Build.0 = Debug|Any CPU
		{329982CB-501D-3C12-35C8-3EF24F77B03A}.Debug|x86.ActiveCfg = Debug|Any CPU
		{329982CB-501D-3C12-35C8-3EF24F77B03A}.Debug|x86.Build.0 = Debug|Any CPU
		{329982CB-501D-3C12-35C8-3EF24F77B03A}.Release|Any CPU.ActiveCfg = Release|Any CPU
		{329982CB-501D-3C12-35C8-3EF24F77B03A}.Release|Any CPU.Build.0 = Release|Any CPU
		{329982CB-501D-3C12-35C8-3EF24F77B03A}.Release|x64.ActiveCfg = Release|Any CPU
		{329982CB-501D-3C12-35C8-3EF24F77B03A}.Release|x64.Build.0 = Release|Any CPU
		{329982CB-501D-3C12-35C8-3EF24F77B03A}.Release|x86.ActiveCfg = Release|Any CPU
		{329982CB-501D-3C12-35C8-3EF24F77B03A}.Release|x86.Build.0 = Release|Any CPU
		{409EBCC2-7605-4860-B74F-7BEE37ED7640}.Debug|Any CPU.ActiveCfg = Debug|Any CPU
		{409EBCC2-7605-4860-B74F-7BEE37ED7640}.Debug|Any CPU.Build.0 = Debug|Any CPU
		{409EBCC2-7605-4860-B74F-7BEE37ED7640}.Debug|x64.ActiveCfg = Debug|Any CPU
		{409EBCC2-7605-4860-B74F-7BEE37ED7640}.Debug|x64.Build.0 = Debug|Any CPU
		{409EBCC2-7605-4860-B74F-7BEE37ED7640}.Debug|x86.ActiveCfg = Debug|Any CPU
		{409EBCC2-7605-4860-B74F-7BEE37ED7640}.Debug|x86.Build.0 = Debug|Any CPU
		{409EBCC2-7605-4860-B74F-7BEE37ED7640}.Release|Any CPU.ActiveCfg = Release|Any CPU
		{409EBCC2-7605-4860-B74F-7BEE37ED7640}.Release|Any CPU.Build.0 = Release|Any CPU
		{409EBCC2-7605-4860-B74F-7BEE37ED7640}.Release|x64.ActiveCfg = Release|Any CPU
		{409EBCC2-7605-4860-B74F-7BEE37ED7640}.Release|x64.Build.0 = Release|Any CPU
		{409EBCC2-7605-4860-B74F-7BEE37ED7640}.Release|x86.ActiveCfg = Release|Any CPU
		{409EBCC2-7605-4860-B74F-7BEE37ED7640}.Release|x86.Build.0 = Release|Any CPU
		{5D318C95-2265-47BB-9B19-D8B9A2F3817A}.Debug|Any CPU.ActiveCfg = Debug|Any CPU
		{5D318C95-2265-47BB-9B19-D8B9A2F3817A}.Debug|Any CPU.Build.0 = Debug|Any CPU
		{5D318C95-2265-47BB-9B19-D8B9A2F3817A}.Debug|x64.ActiveCfg = Debug|Any CPU
		{5D318C95-2265-47BB-9B19-D8B9A2F3817A}.Debug|x64.Build.0 = Debug|Any CPU
		{5D318C95-2265-47BB-9B19-D8B9A2F3817A}.Debug|x86.ActiveCfg = Debug|Any CPU
		{5D318C95-2265-47BB-9B19-D8B9A2F3817A}.Debug|x86.Build.0 = Debug|Any CPU
		{5D318C95-2265-47BB-9B19-D8B9A2F3817A}.Release|Any CPU.ActiveCfg = Release|Any CPU
		{5D318C95-2265-47BB-9B19-D8B9A2F3817A}.Release|Any CPU.Build.0 = Release|Any CPU
		{5D318C95-2265-47BB-9B19-D8B9A2F3817A}.Release|x64.ActiveCfg = Release|Any CPU
		{5D318C95-2265-47BB-9B19-D8B9A2F3817A}.Release|x64.Build.0 = Release|Any CPU
		{5D318C95-2265-47BB-9B19-D8B9A2F3817A}.Release|x86.ActiveCfg = Release|Any CPU
		{5D318C95-2265-47BB-9B19-D8B9A2F3817A}.Release|x86.Build.0 = Release|Any CPU
		{5EFE629D-3741-48D9-99D4-D5CF5C449633}.Debug|Any CPU.ActiveCfg = Debug|Any CPU
		{5EFE629D-3741-48D9-99D4-D5CF5C449633}.Debug|Any CPU.Build.0 = Debug|Any CPU
		{5EFE629D-3741-48D9-99D4-D5CF5C449633}.Debug|x64.ActiveCfg = Debug|Any CPU
		{5EFE629D-3741-48D9-99D4-D5CF5C449633}.Debug|x64.Build.0 = Debug|Any CPU
		{5EFE629D-3741-48D9-99D4-D5CF5C449633}.Debug|x86.ActiveCfg = Debug|Any CPU
		{5EFE629D-3741-48D9-99D4-D5CF5C449633}.Debug|x86.Build.0 = Debug|Any CPU
		{5EFE629D-3741-48D9-99D4-D5CF5C449633}.Release|Any CPU.ActiveCfg = Release|Any CPU
		{5EFE629D-3741-48D9-99D4-D5CF5C449633}.Release|Any CPU.Build.0 = Release|Any CPU
		{5EFE629D-3741-48D9-99D4-D5CF5C449633}.Release|x64.ActiveCfg = Release|Any CPU
		{5EFE629D-3741-48D9-99D4-D5CF5C449633}.Release|x64.Build.0 = Release|Any CPU
		{5EFE629D-3741-48D9-99D4-D5CF5C449633}.Release|x86.ActiveCfg = Release|Any CPU
		{5EFE629D-3741-48D9-99D4-D5CF5C449633}.Release|x86.Build.0 = Release|Any CPU
		{E627E8DB-BE99-4017-904D-F63435CB9A53}.Debug|Any CPU.ActiveCfg = Debug|Any CPU
		{E627E8DB-BE99-4017-904D-F63435CB9A53}.Debug|Any CPU.Build.0 = Debug|Any CPU
		{E627E8DB-BE99-4017-904D-F63435CB9A53}.Debug|x64.ActiveCfg = Debug|Any CPU
		{E627E8DB-BE99-4017-904D-F63435CB9A53}.Debug|x64.Build.0 = Debug|Any CPU
		{E627E8DB-BE99-4017-904D-F63435CB9A53}.Debug|x86.ActiveCfg = Debug|Any CPU
		{E627E8DB-BE99-4017-904D-F63435CB9A53}.Debug|x86.Build.0 = Debug|Any CPU
		{E627E8DB-BE99-4017-904D-F63435CB9A53}.Release|Any CPU.ActiveCfg = Release|Any CPU
		{E627E8DB-BE99-4017-904D-F63435CB9A53}.Release|Any CPU.Build.0 = Release|Any CPU
		{E627E8DB-BE99-4017-904D-F63435CB9A53}.Release|x64.ActiveCfg = Release|Any CPU
		{E627E8DB-BE99-4017-904D-F63435CB9A53}.Release|x64.Build.0 = Release|Any CPU
		{E627E8DB-BE99-4017-904D-F63435CB9A53}.Release|x86.ActiveCfg = Release|Any CPU
		{E627E8DB-BE99-4017-904D-F63435CB9A53}.Release|x86.Build.0 = Release|Any CPU
		{239B727D-8CB9-4FA8-8165-8DB43BD96DC5}.Debug|Any CPU.ActiveCfg = Debug|Any CPU
		{239B727D-8CB9-4FA8-8165-8DB43BD96DC5}.Debug|Any CPU.Build.0 = Debug|Any CPU
		{239B727D-8CB9-4FA8-8165-8DB43BD96DC5}.Debug|x64.ActiveCfg = Debug|Any CPU
		{239B727D-8CB9-4FA8-8165-8DB43BD96DC5}.Debug|x64.Build.0 = Debug|Any CPU
		{239B727D-8CB9-4FA8-8165-8DB43BD96DC5}.Debug|x86.ActiveCfg = Debug|Any CPU
		{239B727D-8CB9-4FA8-8165-8DB43BD96DC5}.Debug|x86.Build.0 = Debug|Any CPU
		{239B727D-8CB9-4FA8-8165-8DB43BD96DC5}.Release|Any CPU.ActiveCfg = Release|Any CPU
		{239B727D-8CB9-4FA8-8165-8DB43BD96DC5}.Release|Any CPU.Build.0 = Release|Any CPU
		{239B727D-8CB9-4FA8-8165-8DB43BD96DC5}.Release|x64.ActiveCfg = Release|Any CPU
		{239B727D-8CB9-4FA8-8165-8DB43BD96DC5}.Release|x64.Build.0 = Release|Any CPU
		{239B727D-8CB9-4FA8-8165-8DB43BD96DC5}.Release|x86.ActiveCfg = Release|Any CPU
		{239B727D-8CB9-4FA8-8165-8DB43BD96DC5}.Release|x86.Build.0 = Release|Any CPU
		{D707D293-5462-4CD1-9BA8-02498E25BBFE}.Debug|Any CPU.ActiveCfg = Debug|Any CPU
		{D707D293-5462-4CD1-9BA8-02498E25BBFE}.Debug|Any CPU.Build.0 = Debug|Any CPU
		{D707D293-5462-4CD1-9BA8-02498E25BBFE}.Debug|x64.ActiveCfg = Debug|Any CPU
		{D707D293-5462-4CD1-9BA8-02498E25BBFE}.Debug|x64.Build.0 = Debug|Any CPU
		{D707D293-5462-4CD1-9BA8-02498E25BBFE}.Debug|x86.ActiveCfg = Debug|Any CPU
		{D707D293-5462-4CD1-9BA8-02498E25BBFE}.Debug|x86.Build.0 = Debug|Any CPU
		{D707D293-5462-4CD1-9BA8-02498E25BBFE}.Release|Any CPU.ActiveCfg = Release|Any CPU
		{D707D293-5462-4CD1-9BA8-02498E25BBFE}.Release|Any CPU.Build.0 = Release|Any CPU
		{D707D293-5462-4CD1-9BA8-02498E25BBFE}.Release|x64.ActiveCfg = Release|Any CPU
		{D707D293-5462-4CD1-9BA8-02498E25BBFE}.Release|x64.Build.0 = Release|Any CPU
		{D707D293-5462-4CD1-9BA8-02498E25BBFE}.Release|x86.ActiveCfg = Release|Any CPU
		{D707D293-5462-4CD1-9BA8-02498E25BBFE}.Release|x86.Build.0 = Release|Any CPU
	EndGlobalSection
	GlobalSection(SolutionProperties) = preSolution
		HideSolutionNode = FALSE
	EndGlobalSection
	GlobalSection(NestedProjects) = preSolution
		{EC846D1B-22B5-4CED-B0CB-778EBFEE1C33} = {003F7774-8202-4837-8C40-72297F3876C1}
		{E627E8DB-BE99-4017-904D-F63435CB9A53} = {003F7774-8202-4837-8C40-72297F3876C1}
		{239B727D-8CB9-4FA8-8165-8DB43BD96DC5} = {003F7774-8202-4837-8C40-72297F3876C1}
		{D707D293-5462-4CD1-9BA8-02498E25BBFE} = {003F7774-8202-4837-8C40-72297F3876C1}
	EndGlobalSection
	GlobalSection(ExtensibilityGlobals) = postSolution
		SolutionGuid = {9D4C1340-FBC4-4F35-944F-26237883E032}
	EndGlobalSection
EndGlobal
